Microsoft Visual Studio Solution File, Format Version 12.00
# Visual Studio Version 17
VisualStudioVersion = 17.5.2.0
MinimumVisualStudioVersion = 10.0.40219.1
Project("{FAE04EC0-301F-11D3-BF4B-00C04F79EFBC}") = "APICeleiroCriativo", "APICeleiroCriativo.csproj", "{6A3BA90A-A063-6978-C340-6C67312236CC}"
EndProject
Global
	GlobalSection(SolutionConfigurationPlatforms) = preSolution
		Debug|Any CPU = Debug|Any CPU
		Release|Any CPU = Release|Any CPU
	EndGlobalSection
	GlobalSection(ProjectConfigurationPlatforms) = postSolution
		{6A3BA90A-A063-6978-C340-6C67312236CC}.Debug|Any CPU.ActiveCfg = Debug|Any CPU
		{6A3BA90A-A063-6978-C340-6C67312236CC}.Debug|Any CPU.Build.0 = Debug|Any CPU
		{6A3BA90A-A063-6978-C340-6C67312236CC}.Release|Any CPU.ActiveCfg = Release|Any CPU
		{6A3BA90A-A063-6978-C340-6C67312236CC}.Release|Any CPU.Build.0 = Release|Any CPU
	EndGlobalSection
	GlobalSection(SolutionProperties) = preSolution
		HideSolutionNode = FALSE
	EndGlobalSection
	GlobalSection(ExtensibilityGlobals) = postSolution
		SolutionGuid = {86306CEF-F64D-4B57-B6F5-9962ABB2C373}
	EndGlobalSection
EndGlobal
